# Prisma Migrate lockfile v1

20200910043518-init
20200910044051-init
20200910044404-init
20200910044431-init
20200910044912-init
20200910045434-init
20200910045918-init
20200910050354-init
20200910051100-init
20200915060327
20200924105301
20200924105613
20200924105704
20200924105819
20200924105844
20200924110015
20200924110042
20200930133042-init
20201007094226-init
20201007141723-init
20201007141741-init
20201008041611-init
20201008041627-init